
Microsoft Visual Studio Solution File, Format Version 12.00
# Visual Studio Version 17
VisualStudioVersion = 17.0.31903.59
MinimumVisualStudioVersion = 10.0.40219.1
Project("{2150E333-8FDC-42A3-9474-1A3956D46DE8}") = "docs", "docs", "{97BDCA50-841E-4AEE-BB95-410535FC3F4F}"
	ProjectSection(SolutionItems) = preProject
		docs\README.md = docs\README.md
	EndProjectSection
EndProject
Project("{2150E333-8FDC-42A3-9474-1A3956D46DE8}") = "src", "src", "{754924BC-2928-4E93-B399-71BA4638D122}"
EndProject
Project("{2150E333-8FDC-42A3-9474-1A3956D46DE8}") = "stryker", "stryker", "{8F28C327-7178-4C72-8BEF-773D629C3138}"
	ProjectSection(SolutionItems) = preProject
		stryker\stryker-config-aspnetcore.json = stryker\stryker-config-aspnetcore.json
		stryker\stryker-config-core.json = stryker\stryker-config-core.json
		stryker\stryker-config-validation.json = stryker\stryker-config-validation.json
		stryker\stryker-config-http.json = stryker\stryker-config-http.json
		stryker\stryker-config-mvc.json = stryker\stryker-config-mvc.json
	EndProjectSection
EndProject
Project("{2150E333-8FDC-42A3-9474-1A3956D46DE8}") = "tests", "tests", "{C7E0D643-0102-4CD0-AA54-1464932B3828}"
EndProject
Project("{2150E333-8FDC-42A3-9474-1A3956D46DE8}") = ".solution-items", ".solution-items", "{947367E3-D732-48F3-9270-08F8378F5BDE}"
	ProjectSection(SolutionItems) = preProject
		.editorconfig = .editorconfig
		.gitattributes = .gitattributes
		.gitignore = .gitignore
		CONTRIBUTING.md = CONTRIBUTING.md
		Directory.Build.props = Directory.Build.props
		Directory.Packages.props = Directory.Packages.props
		LICENSE = LICENSE
		README.md = README.md
		CHANGELOG.md = CHANGELOG.md
		scripts\verify-packages.sh = scripts\verify-packages.sh
	EndProjectSection
EndProject
Project("{FAE04EC0-301F-11D3-BF4B-00C04F79EFBC}") = "Nestgrid.Response", "src\Nestgrid.Response\Nestgrid.Response.csproj", "{2206CEEE-354D-4ADD-A8A3-9757113BCF44}"
EndProject
Project("{FAE04EC0-301F-11D3-BF4B-00C04F79EFBC}") = "Nestgrid.Response.AspNetCore", "src\Nestgrid.Response.AspNetCore\Nestgrid.Response.AspNetCore.csproj", "{9F626B07-ED3D-4E25-A6E3-0B85EDE0E25C}"
EndProject
Project("{FAE04EC0-301F-11D3-BF4B-00C04F79EFBC}") = "Nestgrid.Response.Tests", "tests\Nestgrid.Response.Tests\Nestgrid.Response.Tests.csproj", "{D65BA0DC-03B0-49A4-9A76-2B99B5D9DE9C}"
EndProject
Project("{FAE04EC0-301F-11D3-BF4B-00C04F79EFBC}") = "Nestgrid.Response.AspNetCore.Tests", "tests\Nestgrid.Response.AspNetCore.Tests\Nestgrid.Response.AspNetCore.Tests.csproj", "{D72EE6BB-F8AB-4FAE-9559-232E92B8C1D1}"
EndProject
Project("{2150E333-8FDC-42A3-9474-1A3956D46DE8}") = ".github", ".github", "{8FA61A3A-3309-4967-AACF-F126BF1BB917}"
EndProject
Project("{2150E333-8FDC-42A3-9474-1A3956D46DE8}") = "workflows", "workflows", "{8F1097C5-E8D5-4ECA-BB26-A2FD87413F6E}"
	ProjectSection(SolutionItems) = preProject
		.github\workflows\ci.yml = .github\workflows\ci.yml
		.github\workflows\mutation.yml = .github\workflows\mutation.yml
		.github\workflows\publish.yml = .github\workflows\publish.yml
	EndProjectSection
EndProject
Project("{FAE04EC0-301F-11D3-BF4B-00C04F79EFBC}") = "Nestgrid.Response.Extensions.Validation", "src\Nestgrid.Response.Extensions.Validation\Nestgrid.Response.Extensions.Validation.csproj", "{139DCB80-E147-420F-9ACE-F3F4D18E63C1}"
EndProject
Project("{FAE04EC0-301F-11D3-BF4B-00C04F79EFBC}") = "Nestgrid.Response.Extensions.Validation.Tests", "tests\Nestgrid.Response.Extensions.Validation.Tests\Nestgrid.Response.Extensions.Validation.Tests.csproj", "{B0644996-8739-4AC2-B701-2C734F0644E5}"
EndProject
Project("{FAE04EC0-301F-11D3-BF4B-00C04F79EFBC}") = "Nestgrid.Response.Http.Tests", "tests\Nestgrid.Response.Http.Tests\Nestgrid.Response.Http.Tests.csproj", "{7D650EE5-AA96-4475-9C90-53A0832863EE}"
EndProject
Project("{FAE04EC0-301F-11D3-BF4B-00C04F79EFBC}") = "Nestgrid.Response.Http.Client.Tests", "tests\Nestgrid.Response.Http.Client.Tests\Nestgrid.Response.Http.Client.Tests.csproj", "{AA9A9EA9-5B7E-4D61-9B1E-82AB3DEAA6C5}"
EndProject
Project("{FAE04EC0-301F-11D3-BF4B-00C04F79EFBC}") = "Nestgrid.Response.Mvc.Tests", "tests\Nestgrid.Response.Mvc.Tests\Nestgrid.Response.Mvc.Tests.csproj", "{B022D9C0-15FC-485D-8D52-E88B36D798C7}"
EndProject
Project("{FAE04EC0-301F-11D3-BF4B-00C04F79EFBC}") = "Nestgrid.Response.Http", "src\Nestgrid.Response.Http\Nestgrid.Response.Http.csproj", "{F82ABED5-D1AC-4384-A03D-8D35F3DE15D3}"
EndProject
Project("{FAE04EC0-301F-11D3-BF4B-00C04F79EFBC}") = "Nestgrid.Response.Http.Client", "src\Nestgrid.Response.Http.Client\Nestgrid.Response.Http.Client.csproj", "{6E1C9C89-1A08-4EE4-9F86-4BD8C2E8E301}"
EndProject
Project("{FAE04EC0-301F-11D3-BF4B-00C04F79EFBC}") = "Nestgrid.Response.Mvc", "src\Nestgrid.Response.Mvc\Nestgrid.Response.Mvc.csproj", "{2EF077E3-96CD-44F7-8835-F74FD3472ADD}"
EndProject
Project("{2150E333-8FDC-42A3-9474-1A3956D46DE8}") = "assets", "assets", "{E990D2EE-87B1-4950-9E32-F94A3D1FFA80}"
	ProjectSection(SolutionItems) = preProject
		assets\nestgrid-128.png = assets\nestgrid-128.png
	EndProjectSection
EndProject
Project("{2150E333-8FDC-42A3-9474-1A3956D46DE8}") = "samples", "samples", "{27EE8E7F-4A1D-4E95-83D0-E998C1B58160}"
EndProject
Project("{FAE04EC0-301F-11D3-BF4B-00C04F79EFBC}") = "Nestgrid.Response.Sample", "samples\Nestgrid.Response.Sample\Nestgrid.Response.Sample.csproj", "{7A320B8D-2756-4F4D-BECB-0FA4372A43E0}"
EndProject
Project("{FAE04EC0-301F-11D3-BF4B-00C04F79EFBC}") = "Nestgrid.Response.AspNetCore.Sample", "samples\Nestgrid.Response.AspNetCore.Sample\Nestgrid.Response.AspNetCore.Sample.csproj", "{06262423-E75A-41BB-8544-5550C74FE0C5}"
EndProject
Project("{FAE04EC0-301F-11D3-BF4B-00C04F79EFBC}") = "Nestgrid.Response.Extensions.Validation.Sample", "samples\Nestgrid.Response.Extensions.Validation.Sample\Nestgrid.Response.Extensions.Validation.Sample.csproj", "{60AAE6C4-A23D-44E7-8A75-C97A64437AA0}"
EndProject
Project("{FAE04EC0-301F-11D3-BF4B-00C04F79EFBC}") = "Nestgrid.Response.Mvc.Sample", "samples\Nestgrid.Response.Mvc.Sample\Nestgrid.Response.Mvc.Sample.csproj", "{233BD5EF-3ACA-4767-A418-1193D2F6B1F8}"
EndProject
Project("{FAE04EC0-301F-11D3-BF4B-00C04F79EFBC}") = "Nestgrid.Response.Http.Client.Sample", "samples\Nestgrid.Response.Http.Client.Sample\Nestgrid.Response.Http.Client.Sample.csproj", "{B3E8C6B4-42D7-4B4B-A3DA-BD8DD7E30E3B}"
EndProject
Project("{2150E333-8FDC-42A3-9474-1A3956D46DE8}") = "decisions", "decisions", "{3A764065-EFA8-43A3-8934-0AC422F63225}"
	ProjectSection(SolutionItems) = preProject
		docs\decisions\ADR-001-Result-Pattern-Philosophy.md = docs\decisions\ADR-001-Result-Pattern-Philosophy.md
		docs\decisions\ADR-002-Status-Driven-Results.md = docs\decisions\ADR-002-Status-Driven-Results.md
		docs\decisions\ADR-003-Immutable-Results.md = docs\decisions\ADR-003-Immutable-Results.md
		docs\decisions\ADR-004-AspNetCore-Separation.md = docs\decisions\ADR-004-AspNetCore-Separation.md
		docs\decisions\ADR-005-Core-Object-Model.md = docs\decisions\ADR-005-Core-Object-Model.md
		docs\decisions\ADR-006-AspNetCore-And-Mvc-Package-Separation.md = docs\decisions\ADR-006-AspNetCore-And-Mvc-Package-Separation.md
		docs\decisions\ADR-007-Minimum-Compatible-Dependency-Policy.md = docs\decisions\ADR-007-Minimum-Compatible-Dependency-Policy.md
		docs\decisions\ADR-008-Safe-Exception-Result-Conversion.md = docs\decisions\ADR-008-Safe-Exception-Result-Conversion.md
		docs\decisions\ADR-009-HTTP-Client-Adapter-Boundary.md = docs\decisions\ADR-009-HTTP-Client-Adapter-Boundary.md
		docs\decisions\ADR-010-HTTP-Client-Wire-Contract.md = docs\decisions\ADR-010-HTTP-Client-Wire-Contract.md
		docs\decisions\ADR-011-HTTP-Client-Outcome-Semantics.md = docs\decisions\ADR-011-HTTP-Client-Outcome-Semantics.md
		docs\decisions\TDR-001-Validation-Result-Conversion-Detail.md = docs\decisions\TDR-001-Validation-Result-Conversion-Detail.md
		docs\decisions\README.md = docs\decisions\README.md
	EndProjectSection
EndProject
Project("{2150E333-8FDC-42A3-9474-1A3956D46DE8}") = "artefacts", "artefacts", "{65C947DC-B875-407D-9121-81C0CBD116DC}"
	ProjectSection(SolutionItems) = preProject
		docs\artefacts\README.md = docs\artefacts\README.md
	EndProjectSection
EndProject
Project("{2150E333-8FDC-42A3-9474-1A3956D46DE8}") = "reviews", "reviews", "{D2F3D1D8-2A52-4D7A-8A4E-77E0B8A0C1B4}"
	ProjectSection(SolutionItems) = preProject
		docs\reviews\Nestgrid.Response Independent Review.md = docs\reviews\Nestgrid.Response Independent Review.md
	EndProjectSection
EndProject
Project("{2150E333-8FDC-42A3-9474-1A3956D46DE8}") = "handbooks", "handbooks", "{E0C0BE7F-AAA3-40DC-BD39-5C7CF938525A}"
	ProjectSection(SolutionItems) = preProject
		docs\handbooks\README.md = docs\handbooks\README.md
	EndProjectSection
EndProject
Project("{2150E333-8FDC-42A3-9474-1A3956D46DE8}") = "01 Philosophy", "01 Philosophy", "{3F5C85A2-F9A0-440C-B18D-CEA847FEA400}"
	ProjectSection(SolutionItems) = preProject
		docs\handbooks\01 Philosophy\README.md = docs\handbooks\01 Philosophy\README.md
	EndProjectSection
EndProject
Project("{2150E333-8FDC-42A3-9474-1A3956D46DE8}") = "05 Architecture", "05 Architecture", "{AEED5854-7145-415E-930F-10900C360DBE}"
	ProjectSection(SolutionItems) = preProject
		docs\handbooks\05 Architecture\README.md = docs\handbooks\05 Architecture\README.md
		docs\handbooks\05 Architecture\Overview.md = docs\handbooks\05 Architecture\Overview.md
	EndProjectSection
EndProject
Project("{2150E333-8FDC-42A3-9474-1A3956D46DE8}") = "08 Coding Standards", "08 Coding Standards", "{4B82DD31-E014-4F61-8124-CFEC8DC110DF}"
	ProjectSection(SolutionItems) = preProject
		docs\handbooks\08 Coding Standards\README.md = docs\handbooks\08 Coding Standards\README.md
		docs\handbooks\08 Coding Standards\Coding Standards.md = docs\handbooks\08 Coding Standards\Coding Standards.md
	EndProjectSection
EndProject
Project("{2150E333-8FDC-42A3-9474-1A3956D46DE8}") = "09 Testing", "09 Testing", "{1CB9E066-13BF-4AF1-AEF0-58571E55725D}"
	ProjectSection(SolutionItems) = preProject
		docs\handbooks\09 Testing\README.md = docs\handbooks\09 Testing\README.md
		docs\handbooks\09 Testing\Mutation Testing.md = docs\handbooks\09 Testing\Mutation Testing.md
	EndProjectSection
EndProject
Project("{2150E333-8FDC-42A3-9474-1A3956D46DE8}") = "07 Release", "07 Release", "{7C5E4B11-0D2A-4D13-9B72-65A9F6A75E2D}"
	ProjectSection(SolutionItems) = preProject
		docs\artefacts\07 Release\README.md = docs\artefacts\07 Release\README.md
		docs\artefacts\07 Release\Release Report.md = docs\artefacts\07 Release\Release Report.md
		docs\artefacts\07 Release\Roadmap.md = docs\artefacts\07 Release\Roadmap.md
	EndProjectSection
EndProject
Project("{2150E333-8FDC-42A3-9474-1A3956D46DE8}") = "01 Discovery", "01 Discovery", "{C5A7E5D3-7CCB-4AF3-A7A7-7CECF5B4F8EA}"
	ProjectSection(SolutionItems) = preProject
		docs\artefacts\01 Discovery\README.md = docs\artefacts\01 Discovery\README.md
		docs\artefacts\01 Discovery\Opportunity Decision.md = docs\artefacts\01 Discovery\Opportunity Decision.md
		docs\artefacts\01 Discovery\Product Brief.md = docs\artefacts\01 Discovery\Product Brief.md
		docs\artefacts\01 Discovery\Architecture Handover.md = docs\artefacts\01 Discovery\Architecture Handover.md
	EndProjectSection
EndProject
Project("{2150E333-8FDC-42A3-9474-1A3956D46DE8}") = "02 Architecture", "02 Architecture", "{D5B2C4E3-1B1E-4A7E-9D9A-2E548D2A62F7}"
	ProjectSection(SolutionItems) = preProject
		docs\artefacts\02 Architecture\README.md = docs\artefacts\02 Architecture\README.md
		docs\artefacts\02 Architecture\Architecture Recommendation.md = docs\artefacts\02 Architecture\Architecture Recommendation.md
		docs\artefacts\02 Architecture\Architecture Pack.md = docs\artefacts\02 Architecture\Architecture Pack.md
		docs\artefacts\02 Architecture\Engineering Handover.md = docs\artefacts\02 Architecture\Engineering Handover.md
		docs\artefacts\02 Architecture\Architecture Feedback - Security.md = docs\artefacts\02 Architecture\Architecture Feedback - Security.md
		docs\artefacts\02 Architecture\Architecture Feedback - SEC-006 Dependency Remediation.md = docs\artefacts\02 Architecture\Architecture Feedback - SEC-006 Dependency Remediation.md
		docs\artefacts\02 Architecture\Architecture Investigation - OpenAPI Metadata Integration.md = docs\artefacts\02 Architecture\Architecture Investigation - OpenAPI Metadata Integration.md
		docs\artefacts\02 Architecture\Architecture Recommendation - HTTP Client Capability.md = docs\artefacts\02 Architecture\Architecture Recommendation - HTTP Client Capability.md
	EndProjectSection
EndProject
Project("{2150E333-8FDC-42A3-9474-1A3956D46DE8}") = "03 Implementation", "03 Implementation", "{D0F4A2E6-7C30-4B56-AE3F-4D3D3E5E9F1B}"
	ProjectSection(SolutionItems) = preProject
		docs\artefacts\03 Implementation\README.md = docs\artefacts\03 Implementation\README.md
		docs\artefacts\03 Implementation\Implementation Plan.md = docs\artefacts\03 Implementation\Implementation Plan.md
		docs\artefacts\03 Implementation\Implementation Plan - HTTP Client Capability.md = docs\artefacts\03 Implementation\Implementation Plan - HTTP Client Capability.md
		docs\artefacts\03 Implementation\Implementation Report.md = docs\artefacts\03 Implementation\Implementation Report.md
		docs\artefacts\03 Implementation\Implementation Report - HTTP Client Capability.md = docs\artefacts\03 Implementation\Implementation Report - HTTP Client Capability.md
		docs\artefacts\03 Implementation\SEC-006 Dependency Path Matrix.md = docs\artefacts\03 Implementation\SEC-006 Dependency Path Matrix.md
		docs\artefacts\03 Implementation\SEC-006 Closure Evidence.md = docs\artefacts\03 Implementation\SEC-006 Closure Evidence.md
	EndProjectSection
EndProject
Project("{2150E333-8FDC-42A3-9474-1A3956D46DE8}") = "04 Quality", "04 Quality", "{E4F3C2B1-A098-4765-8D7C-6B5A49382716}"
	ProjectSection(SolutionItems) = preProject
		docs\artefacts\04 Quality\README.md = docs\artefacts\04 Quality\README.md
		docs\artefacts\04 Quality\Test Strategy.md = docs\artefacts\04 Quality\Test Strategy.md
		docs\artefacts\04 Quality\Release Readiness Report.md = docs\artefacts\04 Quality\Release Readiness Report.md
	EndProjectSection
EndProject
Project("{2150E333-8FDC-42A3-9474-1A3956D46DE8}") = "05 Security", "05 Security", "{B7F9E0A1-2C34-4D56-8E78-9A0B1C2D3E4F}"
	ProjectSection(SolutionItems) = preProject
		docs\artefacts\05 Security\README.md = docs\artefacts\05 Security\README.md
		docs\artefacts\05 Security\Security Assessment.md = docs\artefacts\05 Security\Security Assessment.md
		docs\artefacts\05 Security\Security Feedback - Exception and Output Disclosure.md = docs\artefacts\05 Security\Security Feedback - Exception and Output Disclosure.md
		docs\artefacts\05 Security\Security Feedback - Publication and Dependency Controls.md = docs\artefacts\05 Security\Security Feedback - Publication and Dependency Controls.md
		docs\artefacts\05 Security\Security Feedback - SEC-006 Candidate A Approval.md = docs\artefacts\05 Security\Security Feedback - SEC-006 Candidate A Approval.md
	EndProjectSection
EndProject
Project("{2150E333-8FDC-42A3-9474-1A3956D46DE8}") = "06 Platform", "06 Platform", "{F6A1B2C3-D4E5-4678-9012-3456789ABCDE}"
	ProjectSection(SolutionItems) = preProject
		docs\artefacts\06 Platform\README.md = docs\artefacts\06 Platform\README.md
		docs\artefacts\06 Platform\Deployment Guide.md = docs\artefacts\06 Platform\Deployment Guide.md
		docs\artefacts\06 Platform\Operational Readiness Review.md = docs\artefacts\06 Platform\Operational Readiness Review.md
	EndProjectSection
EndProject
Project("{2150E333-8FDC-42A3-9474-1A3956D46DE8}") = "scripts", "scripts", "{0183F79D-0ADA-4376-B5F4-F1D8BAA3F907}"
	ProjectSection(SolutionItems) = preProject
		scripts\verify-packages.sh = scripts\verify-packages.sh
	EndProjectSection
EndProject
Global
	GlobalSection(SolutionConfigurationPlatforms) = preSolution
		Debug|Any CPU = Debug|Any CPU
		Release|Any CPU = Release|Any CPU
	EndGlobalSection
	GlobalSection(SolutionProperties) = preSolution
		HideSolutionNode = FALSE
	EndGlobalSection
	GlobalSection(NestedProjects) = preSolution
		{2206CEEE-354D-4ADD-A8A3-9757113BCF44} = {754924BC-2928-4E93-B399-71BA4638D122}
		{9F626B07-ED3D-4E25-A6E3-0B85EDE0E25C} = {754924BC-2928-4E93-B399-71BA4638D122}
		{D65BA0DC-03B0-49A4-9A76-2B99B5D9DE9C} = {C7E0D643-0102-4CD0-AA54-1464932B3828}
		{D72EE6BB-F8AB-4FAE-9559-232E92B8C1D1} = {C7E0D643-0102-4CD0-AA54-1464932B3828}
		{8F1097C5-E8D5-4ECA-BB26-A2FD87413F6E} = {8FA61A3A-3309-4967-AACF-F126BF1BB917}
		{139DCB80-E147-420F-9ACE-F3F4D18E63C1} = {754924BC-2928-4E93-B399-71BA4638D122}
		{B0644996-8739-4AC2-B701-2C734F0644E5} = {C7E0D643-0102-4CD0-AA54-1464932B3828}
		{7D650EE5-AA96-4475-9C90-53A0832863EE} = {C7E0D643-0102-4CD0-AA54-1464932B3828}
		{B022D9C0-15FC-485D-8D52-E88B36D798C7} = {C7E0D643-0102-4CD0-AA54-1464932B3828}
		{AA9A9EA9-5B7E-4D61-9B1E-82AB3DEAA6C5} = {C7E0D643-0102-4CD0-AA54-1464932B3828}
		{F82ABED5-D1AC-4384-A03D-8D35F3DE15D3} = {754924BC-2928-4E93-B399-71BA4638D122}
		{6E1C9C89-1A08-4EE4-9F86-4BD8C2E8E301} = {754924BC-2928-4E93-B399-71BA4638D122}
		{2EF077E3-96CD-44F7-8835-F74FD3472ADD} = {754924BC-2928-4E93-B399-71BA4638D122}
		{B3E8C6B4-42D7-4B4B-A3DA-BD8DD7E30E3B} = {27EE8E7F-4A1D-4E95-83D0-E998C1B58160}
		{7A320B8D-2756-4F4D-BECB-0FA4372A43E0} = {27EE8E7F-4A1D-4E95-83D0-E998C1B58160}
		{06262423-E75A-41BB-8544-5550C74FE0C5} = {27EE8E7F-4A1D-4E95-83D0-E998C1B58160}
		{60AAE6C4-A23D-44E7-8A75-C97A64437AA0} = {27EE8E7F-4A1D-4E95-83D0-E998C1B58160}
		{233BD5EF-3ACA-4767-A418-1193D2F6B1F8} = {27EE8E7F-4A1D-4E95-83D0-E998C1B58160}
		{3A764065-EFA8-43A3-8934-0AC422F63225} = {97BDCA50-841E-4AEE-BB95-410535FC3F4F}
		{65C947DC-B875-407D-9121-81C0CBD116DC} = {97BDCA50-841E-4AEE-BB95-410535FC3F4F}
		{D2F3D1D8-2A52-4D7A-8A4E-77E0B8A0C1B4} = {97BDCA50-841E-4AEE-BB95-410535FC3F4F}
		{E0C0BE7F-AAA3-40DC-BD39-5C7CF938525A} = {97BDCA50-841E-4AEE-BB95-410535FC3F4F}
		{3F5C85A2-F9A0-440C-B18D-CEA847FEA400} = {E0C0BE7F-AAA3-40DC-BD39-5C7CF938525A}
		{AEED5854-7145-415E-930F-10900C360DBE} = {E0C0BE7F-AAA3-40DC-BD39-5C7CF938525A}
		{4B82DD31-E014-4F61-8124-CFEC8DC110DF} = {E0C0BE7F-AAA3-40DC-BD39-5C7CF938525A}
		{1CB9E066-13BF-4AF1-AEF0-58571E55725D} = {E0C0BE7F-AAA3-40DC-BD39-5C7CF938525A}
		{C5A7E5D3-7CCB-4AF3-A7A7-7CECF5B4F8EA} = {65C947DC-B875-407D-9121-81C0CBD116DC}
		{D5B2C4E3-1B1E-4A7E-9D9A-2E548D2A62F7} = {65C947DC-B875-407D-9121-81C0CBD116DC}
		{D0F4A2E6-7C30-4B56-AE3F-4D3D3E5E9F1B} = {65C947DC-B875-407D-9121-81C0CBD116DC}
		{E4F3C2B1-A098-4765-8D7C-6B5A49382716} = {65C947DC-B875-407D-9121-81C0CBD116DC}
		{B7F9E0A1-2C34-4D56-8E78-9A0B1C2D3E4F} = {65C947DC-B875-407D-9121-81C0CBD116DC}
		{F6A1B2C3-D4E5-4678-9012-3456789ABCDE} = {65C947DC-B875-407D-9121-81C0CBD116DC}
		{7C5E4B11-0D2A-4D13-9B72-65A9F6A75E2D} = {65C947DC-B875-407D-9121-81C0CBD116DC}
	EndGlobalSection
	GlobalSection(ProjectConfigurationPlatforms) = postSolution
		{2206CEEE-354D-4ADD-A8A3-9757113BCF44}.Debug|Any CPU.ActiveCfg = Debug|Any CPU
		{2206CEEE-354D-4ADD-A8A3-9757113BCF44}.Debug|Any CPU.Build.0 = Debug|Any CPU
		{2206CEEE-354D-4ADD-A8A3-9757113BCF44}.Release|Any CPU.ActiveCfg = Release|Any CPU
		{2206CEEE-354D-4ADD-A8A3-9757113BCF44}.Release|Any CPU.Build.0 = Release|Any CPU
		{9F626B07-ED3D-4E25-A6E3-0B85EDE0E25C}.Debug|Any CPU.ActiveCfg = Debug|Any CPU
		{9F626B07-ED3D-4E25-A6E3-0B85EDE0E25C}.Debug|Any CPU.Build.0 = Debug|Any CPU
		{9F626B07-ED3D-4E25-A6E3-0B85EDE0E25C}.Release|Any CPU.ActiveCfg = Release|Any CPU
		{9F626B07-ED3D-4E25-A6E3-0B85EDE0E25C}.Release|Any CPU.Build.0 = Release|Any CPU
		{D65BA0DC-03B0-49A4-9A76-2B99B5D9DE9C}.Debug|Any CPU.ActiveCfg = Debug|Any CPU
		{D65BA0DC-03B0-49A4-9A76-2B99B5D9DE9C}.Debug|Any CPU.Build.0 = Debug|Any CPU
		{D65BA0DC-03B0-49A4-9A76-2B99B5D9DE9C}.Release|Any CPU.ActiveCfg = Release|Any CPU
		{D65BA0DC-03B0-49A4-9A76-2B99B5D9DE9C}.Release|Any CPU.Build.0 = Release|Any CPU
		{D72EE6BB-F8AB-4FAE-9559-232E92B8C1D1}.Debug|Any CPU.ActiveCfg = Debug|Any CPU
		{D72EE6BB-F8AB-4FAE-9559-232E92B8C1D1}.Debug|Any CPU.Build.0 = Debug|Any CPU
		{D72EE6BB-F8AB-4FAE-9559-232E92B8C1D1}.Release|Any CPU.ActiveCfg = Release|Any CPU
		{D72EE6BB-F8AB-4FAE-9559-232E92B8C1D1}.Release|Any CPU.Build.0 = Release|Any CPU
		{139DCB80-E147-420F-9ACE-F3F4D18E63C1}.Debug|Any CPU.ActiveCfg = Debug|Any CPU
		{139DCB80-E147-420F-9ACE-F3F4D18E63C1}.Debug|Any CPU.Build.0 = Debug|Any CPU
		{139DCB80-E147-420F-9ACE-F3F4D18E63C1}.Release|Any CPU.ActiveCfg = Release|Any CPU
		{139DCB80-E147-420F-9ACE-F3F4D18E63C1}.Release|Any CPU.Build.0 = Release|Any CPU
		{B0644996-8739-4AC2-B701-2C734F0644E5}.Debug|Any CPU.ActiveCfg = Debug|Any CPU
		{B0644996-8739-4AC2-B701-2C734F0644E5}.Debug|Any CPU.Build.0 = Debug|Any CPU
		{B0644996-8739-4AC2-B701-2C734F0644E5}.Release|Any CPU.ActiveCfg = Release|Any CPU
		{B0644996-8739-4AC2-B701-2C734F0644E5}.Release|Any CPU.Build.0 = Release|Any CPU
		{7D650EE5-AA96-4475-9C90-53A0832863EE}.Debug|Any CPU.ActiveCfg = Debug|Any CPU
		{7D650EE5-AA96-4475-9C90-53A0832863EE}.Debug|Any CPU.Build.0 = Debug|Any CPU
		{7D650EE5-AA96-4475-9C90-53A0832863EE}.Release|Any CPU.ActiveCfg = Release|Any CPU
		{7D650EE5-AA96-4475-9C90-53A0832863EE}.Release|Any CPU.Build.0 = Release|Any CPU
		{B022D9C0-15FC-485D-8D52-E88B36D798C7}.Debug|Any CPU.ActiveCfg = Debug|Any CPU
		{B022D9C0-15FC-485D-8D52-E88B36D798C7}.Debug|Any CPU.Build.0 = Debug|Any CPU
		{B022D9C0-15FC-485D-8D52-E88B36D798C7}.Release|Any CPU.ActiveCfg = Release|Any CPU
		{B022D9C0-15FC-485D-8D52-E88B36D798C7}.Release|Any CPU.Build.0 = Release|Any CPU
		{F82ABED5-D1AC-4384-A03D-8D35F3DE15D3}.Debug|Any CPU.ActiveCfg = Debug|Any CPU
		{F82ABED5-D1AC-4384-A03D-8D35F3DE15D3}.Debug|Any CPU.Build.0 = Debug|Any CPU
		{F82ABED5-D1AC-4384-A03D-8D35F3DE15D3}.Release|Any CPU.ActiveCfg = Release|Any CPU
		{F82ABED5-D1AC-4384-A03D-8D35F3DE15D3}.Release|Any CPU.Build.0 = Release|Any CPU
		{6E1C9C89-1A08-4EE4-9F86-4BD8C2E8E301}.Debug|Any CPU.ActiveCfg = Debug|Any CPU
		{6E1C9C89-1A08-4EE4-9F86-4BD8C2E8E301}.Debug|Any CPU.Build.0 = Debug|Any CPU
		{6E1C9C89-1A08-4EE4-9F86-4BD8C2E8E301}.Release|Any CPU.ActiveCfg = Release|Any CPU
		{6E1C9C89-1A08-4EE4-9F86-4BD8C2E8E301}.Release|Any CPU.Build.0 = Release|Any CPU
		{AA9A9EA9-5B7E-4D61-9B1E-82AB3DEAA6C5}.Debug|Any CPU.ActiveCfg = Debug|Any CPU
		{AA9A9EA9-5B7E-4D61-9B1E-82AB3DEAA6C5}.Debug|Any CPU.Build.0 = Debug|Any CPU
		{AA9A9EA9-5B7E-4D61-9B1E-82AB3DEAA6C5}.Release|Any CPU.ActiveCfg = Release|Any CPU
		{AA9A9EA9-5B7E-4D61-9B1E-82AB3DEAA6C5}.Release|Any CPU.Build.0 = Release|Any CPU
		{B3E8C6B4-42D7-4B4B-A3DA-BD8DD7E30E3B}.Debug|Any CPU.ActiveCfg = Debug|Any CPU
		{B3E8C6B4-42D7-4B4B-A3DA-BD8DD7E30E3B}.Debug|Any CPU.Build.0 = Debug|Any CPU
		{B3E8C6B4-42D7-4B4B-A3DA-BD8DD7E30E3B}.Release|Any CPU.ActiveCfg = Release|Any CPU
		{B3E8C6B4-42D7-4B4B-A3DA-BD8DD7E30E3B}.Release|Any CPU.Build.0 = Release|Any CPU
		{2EF077E3-96CD-44F7-8835-F74FD3472ADD}.Debug|Any CPU.ActiveCfg = Debug|Any CPU
		{2EF077E3-96CD-44F7-8835-F74FD3472ADD}.Debug|Any CPU.Build.0 = Debug|Any CPU
		{2EF077E3-96CD-44F7-8835-F74FD3472ADD}.Release|Any CPU.ActiveCfg = Release|Any CPU
		{2EF077E3-96CD-44F7-8835-F74FD3472ADD}.Release|Any CPU.Build.0 = Release|Any CPU
		{7A320B8D-2756-4F4D-BECB-0FA4372A43E0}.Debug|Any CPU.ActiveCfg = Debug|Any CPU
		{7A320B8D-2756-4F4D-BECB-0FA4372A43E0}.Debug|Any CPU.Build.0 = Debug|Any CPU
		{7A320B8D-2756-4F4D-BECB-0FA4372A43E0}.Release|Any CPU.ActiveCfg = Release|Any CPU
		{7A320B8D-2756-4F4D-BECB-0FA4372A43E0}.Release|Any CPU.Build.0 = Release|Any CPU
		{06262423-E75A-41BB-8544-5550C74FE0C5}.Debug|Any CPU.ActiveCfg = Debug|Any CPU
		{06262423-E75A-41BB-8544-5550C74FE0C5}.Debug|Any CPU.Build.0 = Debug|Any CPU
		{06262423-E75A-41BB-8544-5550C74FE0C5}.Release|Any CPU.ActiveCfg = Release|Any CPU
		{06262423-E75A-41BB-8544-5550C74FE0C5}.Release|Any CPU.Build.0 = Release|Any CPU
		{60AAE6C4-A23D-44E7-8A75-C97A64437AA0}.Debug|Any CPU.ActiveCfg = Debug|Any CPU
		{60AAE6C4-A23D-44E7-8A75-C97A64437AA0}.Debug|Any CPU.Build.0 = Debug|Any CPU
		{60AAE6C4-A23D-44E7-8A75-C97A64437AA0}.Release|Any CPU.ActiveCfg = Release|Any CPU
		{60AAE6C4-A23D-44E7-8A75-C97A64437AA0}.Release|Any CPU.Build.0 = Release|Any CPU
		{233BD5EF-3ACA-4767-A418-1193D2F6B1F8}.Debug|Any CPU.ActiveCfg = Debug|Any CPU
		{233BD5EF-3ACA-4767-A418-1193D2F6B1F8}.Debug|Any CPU.Build.0 = Debug|Any CPU
		{233BD5EF-3ACA-4767-A418-1193D2F6B1F8}.Release|Any CPU.ActiveCfg = Release|Any CPU
		{233BD5EF-3ACA-4767-A418-1193D2F6B1F8}.Release|Any CPU.Build.0 = Release|Any CPU
	EndGlobalSection
EndGlobal
